
Microsoft Visual Studio Solution File, Format Version 12.00
Project("{FAE04EC0-301F-11D3-BF4B-00C04F79EFBC}") = "AccountRegistrationApp", "AccountRegistrationApp\AccountRegistrationApp.csproj", "{1BA60973-09FB-4CB8-AA7A-A0D9CF08411F}"
EndProject
Project("{2150E333-8FDC-42A3-9474-1A3956D46DE8}") = "others", "others", "{AD777763-BDDE-46FE-A9DE-9B5F29723050}"
	ProjectSection(SolutionItems) = preProject
		.gitignore = .gitignore
		.gitattributes = .gitattributes
	EndProjectSection
EndProject
Project("{2150E333-8FDC-42A3-9474-1A3956D46DE8}") = "Docker", "Docker", "{5F384478-F8C8-465B-8665-41463D4FDE7E}"
	ProjectSection(SolutionItems) = preProject
		compose.yaml = compose.yaml
		Dockerfile = Dockerfile
		.dockerignore = .dockerignore
	EndProjectSection
EndProject
Global
	GlobalSection(SolutionConfigurationPlatforms) = preSolution
		Debug|Any CPU = Debug|Any CPU
		Release|Any CPU = Release|Any CPU
	EndGlobalSection
	GlobalSection(ProjectConfigurationPlatforms) = postSolution
		{1BA60973-09FB-4CB8-AA7A-A0D9CF08411F}.Debug|Any CPU.ActiveCfg = Debug|Any CPU
		{1BA60973-09FB-4CB8-AA7A-A0D9CF08411F}.Debug|Any CPU.Build.0 = Debug|Any CPU
		{1BA60973-09FB-4CB8-AA7A-A0D9CF08411F}.Release|Any CPU.ActiveCfg = Release|Any CPU
		{1BA60973-09FB-4CB8-AA7A-A0D9CF08411F}.Release|Any CPU.Build.0 = Release|Any CPU
	EndGlobalSection
EndGlobal
